
Microsoft Visual Studio Solution File, Format Version 12.00
# Visual Studio 14
VisualStudioVersion = 14.0.24720.0
MinimumVisualStudioVersion = 10.0.40219.1
Project("{FAE04EC0-301F-11D3-BF4B-00C04F79EFBC}") = "FeatureSwitcher.DebugConsole", "src\FeatureSwitcher.DebugConsole\FeatureSwitcher.DebugConsole.csproj", "{B37F5C2F-9CFE-4E5F-9655-9C2730338BD1}"
EndProject
Project("{FAE04EC0-301F-11D3-BF4B-00C04F79EFBC}") = "FeatureSwitcher.DebugConsole.Tests", "test\FeatureSwitcher.DebugConsole.Tests\FeatureSwitcher.DebugConsole.Tests.csproj", "{5B271B27-8BAF-46A3-BD61-B704C861A5DA}"
EndProject
Project("{FAE04EC0-301F-11D3-BF4B-00C04F79EFBC}") = "FeatureSwitcher.DebugConsole.Example", "test\FeatureSwitcher.DebugConsole.Example\FeatureSwitcher.DebugConsole.Example.csproj", "{132E90BF-0F4F-4237-87FD-07555C25A03F}"
EndProject
Global
	GlobalSection(SolutionConfigurationPlatforms) = preSolution
		Debug|Any CPU = Debug|Any CPU
		Release|Any CPU = Release|Any CPU
	EndGlobalSection
	GlobalSection(ProjectConfigurationPlatforms) = postSolution
		{B37F5C2F-9CFE-4E5F-9655-9C2730338BD1}.Debug|Any CPU.ActiveCfg = Debug|Any CPU
		{B37F5C2F-9CFE-4E5F-9655-9C2730338BD1}.Debug|Any CPU.Build.0 = Debug|Any CPU
		{B37F5C2F-9CFE-4E5F-9655-9C2730338BD1}.Release|Any CPU.ActiveCfg = Release|Any CPU
		{B37F5C2F-9CFE-4E5F-9655-9C2730338BD1}.Release|Any CPU.Build.0 = Release|Any CPU
		{5B271B27-8BAF-46A3-BD61-B704C861A5DA}.Debug|Any CPU.ActiveCfg = Debug|Any CPU
		{5B271B27-8BAF-46A3-BD61-B704C861A5DA}.Debug|Any CPU.Build.0 = Debug|Any CPU
		{5B271B27-8BAF-46A3-BD61-B704C861A5DA}.Release|Any CPU.ActiveCfg = Release|Any CPU
		{5B271B27-8BAF-46A3-BD61-B704C861A5DA}.Release|Any CPU.Build.0 = Release|Any CPU
		{132E90BF-0F4F-4237-87FD-07555C25A03F}.Debug|Any CPU.ActiveCfg = Debug|Any CPU
		{132E90BF-0F4F-4237-87FD-07555C25A03F}.Debug|Any CPU.Build.0 = Debug|Any CPU
		{132E90BF-0F4F-4237-87FD-07555C25A03F}.Release|Any CPU.ActiveCfg = Release|Any CPU
		{132E90BF-0F4F-4237-87FD-07555C25A03F}.Release|Any CPU.Build.0 = Release|Any CPU
	EndGlobalSection
	GlobalSection(SolutionProperties) = preSolution
		HideSolutionNode = FALSE
	EndGlobalSection
EndGlobal
